
Microsoft Visual Studio Solution File, Format Version 12.00
# Visual Studio Version 17
VisualStudioVersion = 17.3.32929.385
MinimumVisualStudioVersion = 10.0.40219.1
Project("{FAE04EC0-301F-11D3-BF4B-00C04F79EFBC}") = "breakingRecords", "breakingRecords\breakingRecords.csproj", "{985565CD-7AE7-4830-B313-F178AFAA87B1}"
EndProject
Global
	GlobalSection(SolutionConfigurationPlatforms) = preSolution
		Debug|Any CPU = Debug|Any CPU
		Release|Any CPU = Release|Any CPU
	EndGlobalSection
	GlobalSection(ProjectConfigurationPlatforms) = postSolution
		{985565CD-7AE7-4830-B313-F178AFAA87B1}.Debug|Any CPU.ActiveCfg = Debug|Any CPU
		{985565CD-7AE7-4830-B313-F178AFAA87B1}.Debug|Any CPU.Build.0 = Debug|Any CPU
		{985565CD-7AE7-4830-B313-F178AFAA87B1}.Release|Any CPU.ActiveCfg = Release|Any CPU
		{985565CD-7AE7-4830-B313-F178AFAA87B1}.Release|Any CPU.Build.0 = Release|Any CPU
	EndGlobalSection
	GlobalSection(SolutionProperties) = preSolution
		HideSolutionNode = FALSE
	EndGlobalSection
	GlobalSection(ExtensibilityGlobals) = postSolution
		SolutionGuid = {42DBA7B8-B4EE-48C0-B66B-20BCCE5C3F15}
	EndGlobalSection
EndGlobal
