
Microsoft Visual Studio Solution File, Format Version 12.00
# Visual Studio Version 17
VisualStudioVersion = 17.3.32929.385
MinimumVisualStudioVersion = 10.0.40219.1
Project("{FAE04EC0-301F-11D3-BF4B-00C04F79EFBC}") = "breakingRecords", "breakingRecords\breakingRecords.csproj", "{985565CD-7AE7-4830-B313-F178AFAA87B1}"
EndProject
Project("{FAE04EC0-301F-11D3-BF4B-00C04F79EFBC}") = "Subarray Division", "..\Subarray Division\Subarray Division.csproj", "{11ABD7EA-DE08-46A0-9C9B-C6D0E45B9ED7}"
EndProject
Project("{FAE04EC0-301F-11D3-BF4B-00C04F79EFBC}") = "DayOftheProgrammer", "..\DayOftheProgrammer\DayOftheProgrammer.csproj", "{D22BE896-B1D2-41E1-B4B4-B5B1CC113129}"
EndProject
Project("{FAE04EC0-301F-11D3-BF4B-00C04F79EFBC}") = "Non-Divisional Subset", "..\Non-Divisional Subset\Non-Divisional Subset.csproj", "{BB88FAC4-E2D4-4CB0-ABF0-B45B80F1C33E}"
EndProject
Project("{FAE04EC0-301F-11D3-BF4B-00C04F79EFBC}") = "Non-Divisional Subset Optimized", "..\Non-Divisional Subset Optimized\Non-Divisional Subset Optimized.csproj", "{60A149BC-6718-4F74-A6BA-64DD082DA0D9}"
EndProject
Project("{FAE04EC0-301F-11D3-BF4B-00C04F79EFBC}") = "Repeated String", "..\Repeated String\Repeated String.csproj", "{14120CDB-48E1-46B2-B570-37DDCE88D95E}"
EndProject
Project("{FAE04EC0-301F-11D3-BF4B-00C04F79EFBC}") = "Jumping on the Clouds", "..\Jumping on the Clouds\Jumping on the Clouds.csproj", "{AD8B1167-3399-4235-9D08-ACDE4C22B23A}"
EndProject
Project("{FAE04EC0-301F-11D3-BF4B-00C04F79EFBC}") = "Equalize the Array", "..\Equalize the Array\Equalize the Array.csproj", "{D7A5702E-35A7-4171-9012-0BE62350AD23}"
EndProject
Project("{FAE04EC0-301F-11D3-BF4B-00C04F79EFBC}") = "Electronics Shop", "..\Electronics Shop\Electronics Shop.csproj", "{153FF857-5174-4721-8EFB-83242AAE6FD3}"
EndProject
Project("{FAE04EC0-301F-11D3-BF4B-00C04F79EFBC}") = "biggerIsGreater", "..\biggerIsGreater\biggerIsGreater.csproj", "{8D383722-746C-4B89-A4B8-36DBE78FF7DC}"
EndProject
Project("{FAE04EC0-301F-11D3-BF4B-00C04F79EFBC}") = "BeautifulTriplets", "..\BeautifulTriplets\BeautifulTriplets.csproj", "{31768AE0-8B3E-4825-9F4D-DB8057375FD4}"
EndProject
Project("{FAE04EC0-301F-11D3-BF4B-00C04F79EFBC}") = "candies", "..\candies\candies.csproj", "{1136458D-F275-4AFB-858A-5BDEB9A554FE}"
EndProject
Project("{FAE04EC0-301F-11D3-BF4B-00C04F79EFBC}") = "Greedy Florist", "..\Greedy Florist\Greedy Florist.csproj", "{C2187A5A-60BF-4779-83E5-533DB40E5E1C}"
EndProject
Project("{FAE04EC0-301F-11D3-BF4B-00C04F79EFBC}") = "Stock Maximize", "..\Stock Maximize\Stock Maximize.csproj", "{CEECCE9E-8EF9-4475-94E3-8E32EC901774}"
EndProject
Global
	GlobalSection(SolutionConfigurationPlatforms) = preSolution
		Debug|Any CPU = Debug|Any CPU
		Release|Any CPU = Release|Any CPU
	EndGlobalSection
	GlobalSection(ProjectConfigurationPlatforms) = postSolution
		{985565CD-7AE7-4830-B313-F178AFAA87B1}.Debug|Any CPU.ActiveCfg = Debug|Any CPU
		{985565CD-7AE7-4830-B313-F178AFAA87B1}.Debug|Any CPU.Build.0 = Debug|Any CPU
		{985565CD-7AE7-4830-B313-F178AFAA87B1}.Release|Any CPU.ActiveCfg = Release|Any CPU
		{985565CD-7AE7-4830-B313-F178AFAA87B1}.Release|Any CPU.Build.0 = Release|Any CPU
		{11ABD7EA-DE08-46A0-9C9B-C6D0E45B9ED7}.Debug|Any CPU.ActiveCfg = Debug|Any CPU
		{11ABD7EA-DE08-46A0-9C9B-C6D0E45B9ED7}.Debug|Any CPU.Build.0 = Debug|Any CPU
		{11ABD7EA-DE08-46A0-9C9B-C6D0E45B9ED7}.Release|Any CPU.ActiveCfg = Release|Any CPU
		{11ABD7EA-DE08-46A0-9C9B-C6D0E45B9ED7}.Release|Any CPU.Build.0 = Release|Any CPU
		{D22BE896-B1D2-41E1-B4B4-B5B1CC113129}.Debug|Any CPU.ActiveCfg = Debug|Any CPU
		{D22BE896-B1D2-41E1-B4B4-B5B1CC113129}.Debug|Any CPU.Build.0 = Debug|Any CPU
		{D22BE896-B1D2-41E1-B4B4-B5B1CC113129}.Release|Any CPU.ActiveCfg = Release|Any CPU
		{D22BE896-B1D2-41E1-B4B4-B5B1CC113129}.Release|Any CPU.Build.0 = Release|Any CPU
		{BB88FAC4-E2D4-4CB0-ABF0-B45B80F1C33E}.Debug|Any CPU.ActiveCfg = Debug|Any CPU
		{BB88FAC4-E2D4-4CB0-ABF0-B45B80F1C33E}.Debug|Any CPU.Build.0 = Debug|Any CPU
		{BB88FAC4-E2D4-4CB0-ABF0-B45B80F1C33E}.Release|Any CPU.ActiveCfg = Release|Any CPU
		{BB88FAC4-E2D4-4CB0-ABF0-B45B80F1C33E}.Release|Any CPU.Build.0 = Release|Any CPU
		{60A149BC-6718-4F74-A6BA-64DD082DA0D9}.Debug|Any CPU.ActiveCfg = Debug|Any CPU
		{60A149BC-6718-4F74-A6BA-64DD082DA0D9}.Debug|Any CPU.Build.0 = Debug|Any CPU
		{60A149BC-6718-4F74-A6BA-64DD082DA0D9}.Release|Any CPU.ActiveCfg = Release|Any CPU
		{60A149BC-6718-4F74-A6BA-64DD082DA0D9}.Release|Any CPU.Build.0 = Release|Any CPU
		{14120CDB-48E1-46B2-B570-37DDCE88D95E}.Debug|Any CPU.ActiveCfg = Debug|Any CPU
		{14120CDB-48E1-46B2-B570-37DDCE88D95E}.Debug|Any CPU.Build.0 = Debug|Any CPU
		{14120CDB-48E1-46B2-B570-37DDCE88D95E}.Release|Any CPU.ActiveCfg = Release|Any CPU
		{14120CDB-48E1-46B2-B570-37DDCE88D95E}.Release|Any CPU.Build.0 = Release|Any CPU
		{AD8B1167-3399-4235-9D08-ACDE4C22B23A}.Debug|Any CPU.ActiveCfg = Debug|Any CPU
		{AD8B1167-3399-4235-9D08-ACDE4C22B23A}.Debug|Any CPU.Build.0 = Debug|Any CPU
		{AD8B1167-3399-4235-9D08-ACDE4C22B23A}.Release|Any CPU.ActiveCfg = Release|Any CPU
		{AD8B1167-3399-4235-9D08-ACDE4C22B23A}.Release|Any CPU.Build.0 = Release|Any CPU
		{D7A5702E-35A7-4171-9012-0BE62350AD23}.Debug|Any CPU.ActiveCfg = Debug|Any CPU
		{D7A5702E-35A7-4171-9012-0BE62350AD23}.Debug|Any CPU.Build.0 = Debug|Any CPU
		{D7A5702E-35A7-4171-9012-0BE62350AD23}.Release|Any CPU.ActiveCfg = Release|Any CPU
		{D7A5702E-35A7-4171-9012-0BE62350AD23}.Release|Any CPU.Build.0 = Release|Any CPU
		{153FF857-5174-4721-8EFB-83242AAE6FD3}.Debug|Any CPU.ActiveCfg = Debug|Any CPU
		{153FF857-5174-4721-8EFB-83242AAE6FD3}.Debug|Any CPU.Build.0 = Debug|Any CPU
		{153FF857-5174-4721-8EFB-83242AAE6FD3}.Release|Any CPU.ActiveCfg = Release|Any CPU
		{153FF857-5174-4721-8EFB-83242AAE6FD3}.Release|Any CPU.Build.0 = Release|Any CPU
		{8D383722-746C-4B89-A4B8-36DBE78FF7DC}.Debug|Any CPU.ActiveCfg = Debug|Any CPU
		{8D383722-746C-4B89-A4B8-36DBE78FF7DC}.Debug|Any CPU.Build.0 = Debug|Any CPU
		{8D383722-746C-4B89-A4B8-36DBE78FF7DC}.Release|Any CPU.ActiveCfg = Release|Any CPU
		{8D383722-746C-4B89-A4B8-36DBE78FF7DC}.Release|Any CPU.Build.0 = Release|Any CPU
		{31768AE0-8B3E-4825-9F4D-DB8057375FD4}.Debug|Any CPU.ActiveCfg = Debug|Any CPU
		{31768AE0-8B3E-4825-9F4D-DB8057375FD4}.Debug|Any CPU.Build.0 = Debug|Any CPU
		{31768AE0-8B3E-4825-9F4D-DB8057375FD4}.Release|Any CPU.ActiveCfg = Release|Any CPU
		{31768AE0-8B3E-4825-9F4D-DB8057375FD4}.Release|Any CPU.Build.0 = Release|Any CPU
		{1136458D-F275-4AFB-858A-5BDEB9A554FE}.Debug|Any CPU.ActiveCfg = Debug|Any CPU
		{1136458D-F275-4AFB-858A-5BDEB9A554FE}.Debug|Any CPU.Build.0 = Debug|Any CPU
		{1136458D-F275-4AFB-858A-5BDEB9A554FE}.Release|Any CPU.ActiveCfg = Release|Any CPU
		{1136458D-F275-4AFB-858A-5BDEB9A554FE}.Release|Any CPU.Build.0 = Release|Any CPU
		{C2187A5A-60BF-4779-83E5-533DB40E5E1C}.Debug|Any CPU.ActiveCfg = Debug|Any CPU
		{C2187A5A-60BF-4779-83E5-533DB40E5E1C}.Debug|Any CPU.Build.0 = Debug|Any CPU
		{C2187A5A-60BF-4779-83E5-533DB40E5E1C}.Release|Any CPU.ActiveCfg = Release|Any CPU
		{C2187A5A-60BF-4779-83E5-533DB40E5E1C}.Release|Any CPU.Build.0 = Release|Any CPU
		{CEECCE9E-8EF9-4475-94E3-8E32EC901774}.Debug|Any CPU.ActiveCfg = Debug|Any CPU
		{CEECCE9E-8EF9-4475-94E3-8E32EC901774}.Debug|Any CPU.Build.0 = Debug|Any CPU
		{CEECCE9E-8EF9-4475-94E3-8E32EC901774}.Release|Any CPU.ActiveCfg = Release|Any CPU
		{CEECCE9E-8EF9-4475-94E3-8E32EC901774}.Release|Any CPU.Build.0 = Release|Any CPU
	EndGlobalSection
	GlobalSection(SolutionProperties) = preSolution
		HideSolutionNode = FALSE
	EndGlobalSection
	GlobalSection(ExtensibilityGlobals) = postSolution
		SolutionGuid = {42DBA7B8-B4EE-48C0-B66B-20BCCE5C3F15}
	EndGlobalSection
EndGlobal
